
Microsoft Visual Studio Solution File, Format Version 12.00
# Visual Studio 15
VisualStudioVersion = 15.0.27428.2037
MinimumVisualStudioVersion = 10.0.40219.1
Project("{9A19103F-16F7-4668-BE54-9A1E7A4F7556}") = "Mvp.Xml", "src\Mvp.Xml\Mvp.Xml.csproj", "{0273CBB0-E9B5-4E08-99FD-79ED54D785B6}"
EndProject
Project("{2150E333-8FDC-42A3-9474-1A3956D46DE8}") = "src", "src", "{AC1B1EE3-E147-4D9A-B63B-C76236196440}"
EndProject
Project("{2150E333-8FDC-42A3-9474-1A3956D46DE8}") = "test", "test", "{429310FA-3365-434D-875B-B4A40A18E63F}"
EndProject
Project("{9A19103F-16F7-4668-BE54-9A1E7A4F7556}") = "Mvp.Xml.Tests", "test\Mvp.Xml.Tests\Mvp.Xml.Tests.csproj", "{156832C1-294F-4A91-9C5E-F234778AB1A4}"
EndProject
Project("{2150E333-8FDC-42A3-9474-1A3956D46DE8}") = "Solution Items", "Solution Items", "{94408D6A-8653-41D1-96A7-05DC46ACFF6E}"
	ProjectSection(SolutionItems) = preProject
		build.bat = build.bat
		postbuild.bat = postbuild.bat
		readme.md = readme.md
	EndProjectSection
EndProject
Global
	GlobalSection(SolutionConfigurationPlatforms) = preSolution
		Debug|Any CPU = Debug|Any CPU
		Release|Any CPU = Release|Any CPU
	EndGlobalSection
	GlobalSection(ProjectConfigurationPlatforms) = postSolution
		{0273CBB0-E9B5-4E08-99FD-79ED54D785B6}.Debug|Any CPU.ActiveCfg = Debug|Any CPU
		{0273CBB0-E9B5-4E08-99FD-79ED54D785B6}.Debug|Any CPU.Build.0 = Debug|Any CPU
		{0273CBB0-E9B5-4E08-99FD-79ED54D785B6}.Release|Any CPU.ActiveCfg = Release|Any CPU
		{0273CBB0-E9B5-4E08-99FD-79ED54D785B6}.Release|Any CPU.Build.0 = Release|Any CPU
		{156832C1-294F-4A91-9C5E-F234778AB1A4}.Debug|Any CPU.ActiveCfg = Debug|Any CPU
		{156832C1-294F-4A91-9C5E-F234778AB1A4}.Debug|Any CPU.Build.0 = Debug|Any CPU
		{156832C1-294F-4A91-9C5E-F234778AB1A4}.Release|Any CPU.ActiveCfg = Release|Any CPU
		{156832C1-294F-4A91-9C5E-F234778AB1A4}.Release|Any CPU.Build.0 = Release|Any CPU
	EndGlobalSection
	GlobalSection(SolutionProperties) = preSolution
		HideSolutionNode = FALSE
	EndGlobalSection
	GlobalSection(NestedProjects) = preSolution
		{0273CBB0-E9B5-4E08-99FD-79ED54D785B6} = {AC1B1EE3-E147-4D9A-B63B-C76236196440}
		{156832C1-294F-4A91-9C5E-F234778AB1A4} = {429310FA-3365-434D-875B-B4A40A18E63F}
	EndGlobalSection
	GlobalSection(ExtensibilityGlobals) = postSolution
		SolutionGuid = {492A07DF-8CD5-41A2-9B6D-F3882AA2E411}
	EndGlobalSection
EndGlobal
